
Microsoft Visual Studio Solution File, Format Version 12.00
# Visual Studio Version 17
VisualStudioVersion = 17.11.35208.52
MinimumVisualStudioVersion = 10.0.40219.1
Project("{FAE04EC0-301F-11D3-BF4B-00C04F79EFBC}") = "exam1", "exam1\exam1.csproj", "{147AB27C-DAF7-425E-989A-11B96A608EC4}"
EndProject
Project("{2150E333-8FDC-42A3-9474-1A3956D46DE8}") = "src", "src", "{87111EB0-1FAE-4010-A279-9410EDDBA56D}"
EndProject
Global
	GlobalSection(SolutionConfigurationPlatforms) = preSolution
		Debug|Any CPU = Debug|Any CPU
		Release|Any CPU = Release|Any CPU
	EndGlobalSection
	GlobalSection(ProjectConfigurationPlatforms) = postSolution
		{147AB27C-DAF7-425E-989A-11B96A608EC4}.Debug|Any CPU.ActiveCfg = Debug|Any CPU
		{147AB27C-DAF7-425E-989A-11B96A608EC4}.Debug|Any CPU.Build.0 = Debug|Any CPU
		{147AB27C-DAF7-425E-989A-11B96A608EC4}.Release|Any CPU.ActiveCfg = Release|Any CPU
		{147AB27C-DAF7-425E-989A-11B96A608EC4}.Release|Any CPU.Build.0 = Release|Any CPU
	EndGlobalSection
	GlobalSection(SolutionProperties) = preSolution
		HideSolutionNode = FALSE
	EndGlobalSection
	GlobalSection(NestedProjects) = preSolution
		{147AB27C-DAF7-425E-989A-11B96A608EC4} = {87111EB0-1FAE-4010-A279-9410EDDBA56D}
	EndGlobalSection
	GlobalSection(ExtensibilityGlobals) = postSolution
		SolutionGuid = {AF10AECC-1C42-4F09-ABE0-8886B4F8CF54}
	EndGlobalSection
EndGlobal
